{
	"name": "@odss/bootstrap",
	"version": "1.0.0",
	"lockfileVersion": 1,
	"requires": true,
	"dependencies": {
		"@stool/dom": {
			"version": "2.2.0",
			"resolved": "https://registry.npmjs.org/@stool/dom/-/dom-2.2.0.tgz",
			"integrity": "sha512-fV7+cjLlP1q2RXvoBuOM0JCsl4+IjTLjop8KI05vyzPND0uD/45mhomDgby2dwVBAICjKoqDSS+E9uz4choQYg=="
		}
	}
}
